
Microsoft Visual Studio Solution File, Format Version 12.00
# Visual Studio 15
VisualStudioVersion = 15.0.27004.2010
MinimumVisualStudioVersion = 10.0.40219.1
Project("{9A19103F-16F7-4668-BE54-9A1E7A4F7556}") = "COMP586Backend", "COMP586Backend\COMP586Backend.csproj", "{CCE382EC-2B92-493A-B9CB-47C6D143D03C}"
EndProject
Project("{FAE04EC0-301F-11D3-BF4B-00C04F79EFBC}") = "UnitTestProject", "UnitTestProject\UnitTestProject.csproj", "{E4665446-016C-4247-A954-034D6C98D542}"
EndProject
Global
	GlobalSection(SolutionConfigurationPlatforms) = preSolution
		Debug|Any CPU = Debug|Any CPU
		Release|Any CPU = Release|Any CPU
	EndGlobalSection
	GlobalSection(ProjectConfigurationPlatforms) = postSolution
		{CCE382EC-2B92-493A-B9CB-47C6D143D03C}.Debug|Any CPU.ActiveCfg = Debug|Any CPU
		{CCE382EC-2B92-493A-B9CB-47C6D143D03C}.Debug|Any CPU.Build.0 = Debug|Any CPU
		{CCE382EC-2B92-493A-B9CB-47C6D143D03C}.Release|Any CPU.ActiveCfg = Release|Any CPU
		{CCE382EC-2B92-493A-B9CB-47C6D143D03C}.Release|Any CPU.Build.0 = Release|Any CPU
		{E4665446-016C-4247-A954-034D6C98D542}.Debug|Any CPU.ActiveCfg = Debug|Any CPU
		{E4665446-016C-4247-A954-034D6C98D542}.Debug|Any CPU.Build.0 = Debug|Any CPU
		{E4665446-016C-4247-A954-034D6C98D542}.Release|Any CPU.ActiveCfg = Release|Any CPU
		{E4665446-016C-4247-A954-034D6C98D542}.Release|Any CPU.Build.0 = Release|Any CPU
	EndGlobalSection
	GlobalSection(SolutionProperties) = preSolution
		HideSolutionNode = FALSE
	EndGlobalSection
	GlobalSection(ExtensibilityGlobals) = postSolution
		SolutionGuid = {0497B113-4ADA-45A5-86C4-503A7A705144}
	EndGlobalSection
EndGlobal
